
Microsoft Visual Studio Solution File, Format Version 12.00
# Visual Studio Version 17
VisualStudioVersion = 17.10.34607.79
MinimumVisualStudioVersion = 10.0.40219.1
Project("{9A19103F-16F7-4668-BE54-9A1E7A4F7556}") = "CERDIK", "CERDIK\CERDIK.csproj", "{E9A763A5-F6C8-4074-ABFE-268D14584F2C}"
EndProject
Project("{9A19103F-16F7-4668-BE54-9A1E7A4F7556}") = "Menu", "Menu\Menu.csproj", "{024B71A0-C681-4450-A7C0-19E664B74094}"
EndProject
Project("{9A19103F-16F7-4668-BE54-9A1E7A4F7556}") = "simpanJadwal", "inputJadwal\simpanJadwal.csproj", "{6018452C-0D8C-4351-A4CA-BBDE4F2A6414}"
EndProject
Project("{9A19103F-16F7-4668-BE54-9A1E7A4F7556}") = "Test", "Test\Test.csproj", "{9EA65687-9E80-415E-92FF-8CC5CD1FBBD6}"
EndProject
Project("{FAE04EC0-301F-11D3-BF4B-00C04F79EFBC}") = "GUI", "GUI\GUI.csproj", "{FBEE8750-6895-4437-9837-ADCEB138CBBA}"
EndProject
Global
	GlobalSection(SolutionConfigurationPlatforms) = preSolution
		Debug|Any CPU = Debug|Any CPU
		Release|Any CPU = Release|Any CPU
	EndGlobalSection
	GlobalSection(ProjectConfigurationPlatforms) = postSolution
		{E9A763A5-F6C8-4074-ABFE-268D14584F2C}.Debug|Any CPU.ActiveCfg = Debug|Any CPU
		{E9A763A5-F6C8-4074-ABFE-268D14584F2C}.Debug|Any CPU.Build.0 = Debug|Any CPU
		{E9A763A5-F6C8-4074-ABFE-268D14584F2C}.Release|Any CPU.ActiveCfg = Release|Any CPU
		{E9A763A5-F6C8-4074-ABFE-268D14584F2C}.Release|Any CPU.Build.0 = Release|Any CPU
		{024B71A0-C681-4450-A7C0-19E664B74094}.Debug|Any CPU.ActiveCfg = Debug|Any CPU
		{024B71A0-C681-4450-A7C0-19E664B74094}.Debug|Any CPU.Build.0 = Debug|Any CPU
		{024B71A0-C681-4450-A7C0-19E664B74094}.Release|Any CPU.ActiveCfg = Release|Any CPU
		{024B71A0-C681-4450-A7C0-19E664B74094}.Release|Any CPU.Build.0 = Release|Any CPU
		{6018452C-0D8C-4351-A4CA-BBDE4F2A6414}.Debug|Any CPU.ActiveCfg = Debug|Any CPU
		{6018452C-0D8C-4351-A4CA-BBDE4F2A6414}.Debug|Any CPU.Build.0 = Debug|Any CPU
		{6018452C-0D8C-4351-A4CA-BBDE4F2A6414}.Release|Any CPU.ActiveCfg = Release|Any CPU
		{6018452C-0D8C-4351-A4CA-BBDE4F2A6414}.Release|Any CPU.Build.0 = Release|Any CPU
		{9EA65687-9E80-415E-92FF-8CC5CD1FBBD6}.Debug|Any CPU.ActiveCfg = Debug|Any CPU
		{9EA65687-9E80-415E-92FF-8CC5CD1FBBD6}.Debug|Any CPU.Build.0 = Debug|Any CPU
		{9EA65687-9E80-415E-92FF-8CC5CD1FBBD6}.Release|Any CPU.ActiveCfg = Release|Any CPU
		{9EA65687-9E80-415E-92FF-8CC5CD1FBBD6}.Release|Any CPU.Build.0 = Release|Any CPU
		{FBEE8750-6895-4437-9837-ADCEB138CBBA}.Debug|Any CPU.ActiveCfg = Debug|Any CPU
		{FBEE8750-6895-4437-9837-ADCEB138CBBA}.Debug|Any CPU.Build.0 = Debug|Any CPU
		{FBEE8750-6895-4437-9837-ADCEB138CBBA}.Release|Any CPU.ActiveCfg = Release|Any CPU
		{FBEE8750-6895-4437-9837-ADCEB138CBBA}.Release|Any CPU.Build.0 = Release|Any CPU
	EndGlobalSection
	GlobalSection(SolutionProperties) = preSolution
		HideSolutionNode = FALSE
	EndGlobalSection
	GlobalSection(ExtensibilityGlobals) = postSolution
		SolutionGuid = {02C5E35D-85BD-42A2-83C7-E2F997107FC1}
	EndGlobalSection
EndGlobal
